{
  "name": "nodemailer",
  "version": "1.0.0",
  "lockfileVersion": 2,
  "requires": true,
  "packages": {
    "": {
      "name": "nodemailer",
      "version": "1.0.0",
      "license": "ISC",
      "dependencies": {
        "dotenv": "^10.0.0",
        "nodemailer": "^6.7.0"
      }
    },
    "node_modules/dotenv": {
      "version": "10.0.0",
      "resolved": "https://registry.npmjs.org/dotenv/-/dotenv-10.0.0.tgz",
      "integrity": "sha512-rlBi9d8jpv9Sf1klPjNfFAuWDjKLwTIJJ/VxtoTwIR6hnZxcEOQCZg2oIL3MWBYw5GpUDKOEnND7LXTbIpQ03Q==",
      "engines": {
        "node": ">=10"
      }
    },
    "node_modules/nodemailer": {
      "version": "6.7.0",
      "resolved": "https://registry.npmjs.org/nodemailer/-/nodemailer-6.7.0.tgz",
      "integrity": "sha512-AtiTVUFHLiiDnMQ43zi0YgkzHOEWUkhDgPlBXrsDzJiJvB29Alo4OKxHQ0ugF3gRqRQIneCLtZU3yiUo7pItZw==",
      "engines": {
        "node": ">=6.0.0"
      }
    }
  },
  "dependencies": {
    "dotenv": {
      "version": "10.0.0",
      "resolved": "https://registry.npmjs.org/dotenv/-/dotenv-10.0.0.tgz",
      "integrity": "sha512-rlBi9d8jpv9Sf1klPjNfFAuWDjKLwTIJJ/VxtoTwIR6hnZxcEOQCZg2oIL3MWBYw5GpUDKOEnND7LXTbIpQ03Q=="
    },
    "nodemailer": {
      "version": "6.7.0",
      "resolved": "https://registry.npmjs.org/nodemailer/-/nodemailer-6.7.0.tgz",
      "integrity": "sha512-AtiTVUFHLiiDnMQ43zi0YgkzHOEWUkhDgPlBXrsDzJiJvB29Alo4OKxHQ0ugF3gRqRQIneCLtZU3yiUo7pItZw=="
    }
  }
}
